{
  "name": "changelog-gen",
  "version": "1.0.1",
  "lockfileVersion": 2,
  "requires": true,
  "packages": {
    "": {
      "version": "1.0.1",
      "license": "MIT",
      "dependencies": {
        "cson": "^3.0.0",
        "javascript-natural-sort": "^0.7.1"
      },
      "bin": {
        "changelog": "bin/changelog",
        "changelog_gen": "bin/changelog"
      }
    },
    "node_modules/cson": {
      "version": "3.0.2",
      "license": "MIT",
      "dependencies": {
        "coffee-script": "^1.9.0",
        "cson-parser": "^1.0.6",
        "extract-opts": "^3.0.1",
        "requirefresh": "^2.0.0",
        "safefs": "^4.0.0"
      },
      "bin": {
        "cson2json": "bin/cson2json",
        "json2cson": "bin/json2cson"
      },
      "engines": {
        "node": ">=0.8"
      }
    },
    "node_modules/cson/node_modules/coffee-script": {
      "version": "1.10.0",
      "license": "MIT",
      "bin": {
        "cake": "bin/cake",
        "coffee": "bin/coffee"
      },
      "engines": {
        "node": ">=0.8.0"
      }
    },
    "node_modules/cson/node_modules/cson-parser": {
      "version": "1.2.0",
      "license": "BSD-2-Clause",
      "dependencies": {
        "coffee-script": "^1.9.0"
      }
    },
    "node_modules/cson/node_modules/extract-opts": {
      "version": "3.0.1",
      "dependencies": {
        "typechecker": "^2.0.8"
      },
      "engines": {
        "node": ">=0.4"
      },
      "license": {
        "type": ""
      }
    },
    "node_modules/cson/node_modules/extract-opts/node_modules/typechecker": {
      "version": "2.1.0",
      "license": "MIT",
      "engines": {
        "node": ">=0.4"
      }
    },
    "node_modules/cson/node_modules/requirefresh": {
      "version": "2.0.0",
      "license": "MIT",
      "engines": {
        "node": ">=0.8"
      }
    },
    "node_modules/cson/node_modules/safefs": {
      "version": "4.0.0",
      "license": "MIT",
      "dependencies": {
        "graceful-fs": "^4.1.2"
      },
      "engines": {
        "node": ">=0.12"
      }
    },
    "node_modules/cson/node_modules/safefs/node_modules/graceful-fs": {
      "version": "4.1.2",
      "license": "ISC",
      "engines": {
        "node": ">=0.4.0"
      }
    },
    "node_modules/javascript-natural-sort": {
      "version": "0.7.1",
      "license": "MIT"
    }
  },
  "dependencies": {
    "cson": {
      "version": "3.0.2",
      "requires": {
        "coffee-script": "^1.9.0",
        "cson-parser": "^1.0.6",
        "extract-opts": "^3.0.1",
        "requirefresh": "^2.0.0",
        "safefs": "^4.0.0"
      },
      "dependencies": {
        "coffee-script": {
          "version": "1.10.0"
        },
        "cson-parser": {
          "version": "1.2.0",
          "requires": {
            "coffee-script": "^1.9.0"
          }
        },
        "extract-opts": {
          "version": "3.0.1",
          "requires": {
            "typechecker": "^2.0.8"
          },
          "dependencies": {
            "typechecker": {
              "version": "2.1.0"
            }
          }
        },
        "requirefresh": {
          "version": "2.0.0"
        },
        "safefs": {
          "version": "4.0.0",
          "requires": {
            "graceful-fs": "^4.1.2"
          },
          "dependencies": {
            "graceful-fs": {
              "version": "4.1.2"
            }
          }
        }
      }
    },
    "javascript-natural-sort": {
      "version": "0.7.1"
    }
  }
}
